
Microsoft Visual Studio Solution File, Format Version 12.00
# Visual Studio 14
VisualStudioVersion = 14.0.25420.1
MinimumVisualStudioVersion = 10.0.40219.1
Project("{E24C65DC-7377-472B-9ABA-BC803B73C61A}") = "Web", "Web\", "{C767AE5E-1406-4DF5-BB86-1AAD83D30514}"
	ProjectSection(WebsiteProperties) = preProject
		TargetFrameworkMoniker = ".NETFramework,Version%3Dv4.5.2"
		Debug.AspNetCompiler.VirtualPath = "/localhost_57777"
		Debug.AspNetCompiler.PhysicalPath = "Web\"
		Debug.AspNetCompiler.TargetPath = "PrecompiledWeb\localhost_57777\"
		Debug.AspNetCompiler.Updateable = "true"
		Debug.AspNetCompiler.ForceOverwrite = "true"
		Debug.AspNetCompiler.FixedNames = "false"
		Debug.AspNetCompiler.Debug = "True"
		Release.AspNetCompiler.VirtualPath = "/localhost_57777"
		Release.AspNetCompiler.PhysicalPath = "Web\"
		Release.AspNetCompiler.TargetPath = "PrecompiledWeb\localhost_57777\"
		Release.AspNetCompiler.Updateable = "true"
		Release.AspNetCompiler.ForceOverwrite = "true"
		Release.AspNetCompiler.FixedNames = "false"
		Release.AspNetCompiler.Debug = "False"
		VWDPort = "57777"
		SlnRelativePath = "Web\"
	EndProjectSection
EndProject
Project("{FAE04EC0-301F-11D3-BF4B-00C04F79EFBC}") = "WcfService", "WcfService\WcfService.csproj", "{E89B5458-DF63-4432-A0A2-19EC1FDAEB21}"
EndProject
Project("{FAE04EC0-301F-11D3-BF4B-00C04F79EFBC}") = "ConsoleApp", "ConsoleApp\ConsoleApp.csproj", "{6D6D939D-8861-42A4-8FB1-8FDD4230AE6D}"
EndProject
Global
	GlobalSection(SolutionConfigurationPlatforms) = preSolution
		Debug|Any CPU = Debug|Any CPU
		Release|Any CPU = Release|Any CPU
	EndGlobalSection
	GlobalSection(ProjectConfigurationPlatforms) = postSolution
		{C767AE5E-1406-4DF5-BB86-1AAD83D30514}.Debug|Any CPU.ActiveCfg = Debug|Any CPU
		{C767AE5E-1406-4DF5-BB86-1AAD83D30514}.Debug|Any CPU.Build.0 = Debug|Any CPU
		{C767AE5E-1406-4DF5-BB86-1AAD83D30514}.Release|Any CPU.ActiveCfg = Debug|Any CPU
		{C767AE5E-1406-4DF5-BB86-1AAD83D30514}.Release|Any CPU.Build.0 = Debug|Any CPU
		{C767AE5E-1406-4DF5-BB86-1AAD83D30514}.Release|Any CPU.Deploy.0 = Debug|Any CPU
		{E89B5458-DF63-4432-A0A2-19EC1FDAEB21}.Debug|Any CPU.ActiveCfg = Debug|Any CPU
		{E89B5458-DF63-4432-A0A2-19EC1FDAEB21}.Debug|Any CPU.Build.0 = Debug|Any CPU
		{E89B5458-DF63-4432-A0A2-19EC1FDAEB21}.Release|Any CPU.ActiveCfg = Release|Any CPU
		{E89B5458-DF63-4432-A0A2-19EC1FDAEB21}.Release|Any CPU.Build.0 = Release|Any CPU
		{6D6D939D-8861-42A4-8FB1-8FDD4230AE6D}.Debug|Any CPU.ActiveCfg = Debug|Any CPU
		{6D6D939D-8861-42A4-8FB1-8FDD4230AE6D}.Debug|Any CPU.Build.0 = Debug|Any CPU
		{6D6D939D-8861-42A4-8FB1-8FDD4230AE6D}.Release|Any CPU.ActiveCfg = Release|Any CPU
		{6D6D939D-8861-42A4-8FB1-8FDD4230AE6D}.Release|Any CPU.Build.0 = Release|Any CPU
	EndGlobalSection
	GlobalSection(SolutionProperties) = preSolution
		HideSolutionNode = FALSE
	EndGlobalSection
EndGlobal
